
Microsoft Visual Studio Solution File, Format Version 12.00
# Visual Studio Version 17
VisualStudioVersion = 17.5.002.0
MinimumVisualStudioVersion = 10.0.40219.1
Project("{2150E333-8FDC-42A3-9474-1A3956D46DE8}") = "apps", "apps", "{A05BC382-A46E-4580-8C72-BDF67FC66D3D}"
EndProject
Project("{9A19103F-16F7-4668-BE54-9A1E7A4F7556}") = "Blazor-Test-App", "apps\blazor-test-app\Blazor-Test-App.csproj", "{82A2F9F4-45BE-4462-A359-EA3AB12919C4}"
EndProject
Global
	GlobalSection(SolutionConfigurationPlatforms) = preSolution
		Debug|Any CPU = Debug|Any CPU
		Release|Any CPU = Release|Any CPU
	EndGlobalSection
	GlobalSection(ProjectConfigurationPlatforms) = postSolution
		{82A2F9F4-45BE-4462-A359-EA3AB12919C4}.Debug|Any CPU.ActiveCfg = Debug|Any CPU
		{82A2F9F4-45BE-4462-A359-EA3AB12919C4}.Debug|Any CPU.Build.0 = Debug|Any CPU
		{82A2F9F4-45BE-4462-A359-EA3AB12919C4}.Release|Any CPU.ActiveCfg = Release|Any CPU
		{82A2F9F4-45BE-4462-A359-EA3AB12919C4}.Release|Any CPU.Build.0 = Release|Any CPU
	EndGlobalSection
	GlobalSection(SolutionProperties) = preSolution
		HideSolutionNode = FALSE
	EndGlobalSection
	GlobalSection(NestedProjects) = preSolution
		{82A2F9F4-45BE-4462-A359-EA3AB12919C4} = {A05BC382-A46E-4580-8C72-BDF67FC66D3D}
	EndGlobalSection
	GlobalSection(ExtensibilityGlobals) = postSolution
		SolutionGuid = {11187564-7235-420A-B13A-CFBADAA57E48}
	EndGlobalSection
EndGlobal
